
Microsoft Visual Studio Solution File, Format Version 12.00
# Visual Studio 15
VisualStudioVersion = 15.0.28010.2050
MinimumVisualStudioVersion = 10.0.40219.1
Project("{2150E333-8FDC-42A3-9474-1A3956D46DE8}") = "Code", "Code", "{F1D4BFA4-0774-466A-B80A-3CF5497D6AED}"
EndProject
Project("{2150E333-8FDC-42A3-9474-1A3956D46DE8}") = "Tests", "Tests", "{1ECA741B-6388-4A77-8B30-D1E113F4F26F}"
EndProject
Project("{9A19103F-16F7-4668-BE54-9A1E7A4F7556}") = "WorkSpeed.Data", "Code\WorkSpeed.Data\WorkSpeed.Data.csproj", "{F8918962-A856-4220-A7DD-4B2F33043BE9}"
EndProject
Project("{FAE04EC0-301F-11D3-BF4B-00C04F79EFBC}") = "WorkSpeed.DesktopClient", "Code\WorkSpeed.DesktopClient\WorkSpeed.DesktopClient.csproj", "{A2F25877-07E4-41B8-8AE9-462E11EC8D0B}"
EndProject
Project("{FAE04EC0-301F-11D3-BF4B-00C04F79EFBC}") = "WorkSpeed.Data.Tests", "Tests\WorkSpeed.Data.Tests\WorkSpeed.Data.Tests.csproj", "{EEC4EB1D-70F7-48E4-833B-741785051850}"
EndProject
Global
	GlobalSection(SolutionConfigurationPlatforms) = preSolution
		Debug|Any CPU = Debug|Any CPU
		Release|Any CPU = Release|Any CPU
	EndGlobalSection
	GlobalSection(ProjectConfigurationPlatforms) = postSolution
		{F8918962-A856-4220-A7DD-4B2F33043BE9}.Debug|Any CPU.ActiveCfg = Debug|Any CPU
		{F8918962-A856-4220-A7DD-4B2F33043BE9}.Debug|Any CPU.Build.0 = Debug|Any CPU
		{F8918962-A856-4220-A7DD-4B2F33043BE9}.Release|Any CPU.ActiveCfg = Release|Any CPU
		{F8918962-A856-4220-A7DD-4B2F33043BE9}.Release|Any CPU.Build.0 = Release|Any CPU
		{A2F25877-07E4-41B8-8AE9-462E11EC8D0B}.Debug|Any CPU.ActiveCfg = Debug|Any CPU
		{A2F25877-07E4-41B8-8AE9-462E11EC8D0B}.Debug|Any CPU.Build.0 = Debug|Any CPU
		{A2F25877-07E4-41B8-8AE9-462E11EC8D0B}.Release|Any CPU.ActiveCfg = Release|Any CPU
		{A2F25877-07E4-41B8-8AE9-462E11EC8D0B}.Release|Any CPU.Build.0 = Release|Any CPU
		{EEC4EB1D-70F7-48E4-833B-741785051850}.Debug|Any CPU.ActiveCfg = Debug|Any CPU
		{EEC4EB1D-70F7-48E4-833B-741785051850}.Debug|Any CPU.Build.0 = Debug|Any CPU
		{EEC4EB1D-70F7-48E4-833B-741785051850}.Release|Any CPU.ActiveCfg = Release|Any CPU
		{EEC4EB1D-70F7-48E4-833B-741785051850}.Release|Any CPU.Build.0 = Release|Any CPU
	EndGlobalSection
	GlobalSection(SolutionProperties) = preSolution
		HideSolutionNode = FALSE
	EndGlobalSection
	GlobalSection(NestedProjects) = preSolution
		{F8918962-A856-4220-A7DD-4B2F33043BE9} = {F1D4BFA4-0774-466A-B80A-3CF5497D6AED}
		{A2F25877-07E4-41B8-8AE9-462E11EC8D0B} = {F1D4BFA4-0774-466A-B80A-3CF5497D6AED}
		{EEC4EB1D-70F7-48E4-833B-741785051850} = {1ECA741B-6388-4A77-8B30-D1E113F4F26F}
	EndGlobalSection
	GlobalSection(ExtensibilityGlobals) = postSolution
		SolutionGuid = {74CCEA37-7ECF-4A64-9DA7-75E503ED2A97}
	EndGlobalSection
EndGlobal
