
Microsoft Visual Studio Solution File, Format Version 12.00
# Visual Studio 15
VisualStudioVersion = 15.0.28010.2050
MinimumVisualStudioVersion = 10.0.40219.1
Project("{2150E333-8FDC-42A3-9474-1A3956D46DE8}") = "Code", "Code", "{F1D4BFA4-0774-466A-B80A-3CF5497D6AED}"
EndProject
Project("{2150E333-8FDC-42A3-9474-1A3956D46DE8}") = "Tests", "Tests", "{1ECA741B-6388-4A77-8B30-D1E113F4F26F}"
EndProject
Project("{FAE04EC0-301F-11D3-BF4B-00C04F79EFBC}") = "WorkSpeed.DesktopClient", "Code\WorkSpeed.DesktopClient\WorkSpeed.DesktopClient.csproj", "{A2F25877-07E4-41B8-8AE9-462E11EC8D0B}"
EndProject
Project("{FAE04EC0-301F-11D3-BF4B-00C04F79EFBC}") = "WorkSpeed.Data.Tests", "Tests\WorkSpeed.Data.Tests\WorkSpeed.Data.Tests.csproj", "{9E5B2C32-445E-472F-B59B-D5EE9DE89528}"
EndProject
Project("{2150E333-8FDC-42A3-9474-1A3956D46DE8}") = "Experimants", "Experimants", "{02ADBBD2-843C-457E-B553-A71CFDBFEF80}"
EndProject
Project("{FAE04EC0-301F-11D3-BF4B-00C04F79EFBC}") = "Experiments.MainWindowPrototype", "Experiments\MainWindowPrototype\Experiments.MainWindowPrototype.csproj", "{8E561D88-56E8-419C-933B-FC1AEBB83432}"
EndProject
Project("{FAE04EC0-301F-11D3-BF4B-00C04F79EFBC}") = "WorkSpeed.Data", "Code\WorkSpeed.Data\WorkSpeed.Data.csproj", "{72E065C5-8769-4008-9529-11194BE488E0}"
EndProject
Project("{FAE04EC0-301F-11D3-BF4B-00C04F79EFBC}") = "Experiments.Continuations", "Experiments\Continuations\Experiments.Continuations.csproj", "{4E4062AD-0661-4975-83DE-EA5D1B5C51AF}"
EndProject
Project("{FAE04EC0-301F-11D3-BF4B-00C04F79EFBC}") = "WorkSpeed.Manager.Tests", "Tests\WorkSpeed.Manager.Tests\WorkSpeed.Manager.Tests.csproj", "{5A035100-5055-4E93-A240-55A46ECE04BE}"
EndProject
Project("{FAE04EC0-301F-11D3-BF4B-00C04F79EFBC}") = "WorkSpeed.Business", "Code\WorkSpeed\WorkSpeed.Business.csproj", "{035D995A-6F8A-47C1-AEBD-41B2CC5D6D7D}"
EndProject
Project("{FAE04EC0-301F-11D3-BF4B-00C04F79EFBC}") = "WorkSpeed.Tests", "Tests\WorkSpeed.Tests\WorkSpeed.Tests.csproj", "{3255DCE1-693B-4A92-B8F9-84A943FA4598}"
EndProject
Project("{FAE04EC0-301F-11D3-BF4B-00C04F79EFBC}") = "WorkSpeed.Productivity", "Code\WorkSpeed.Productivity\WorkSpeed.Productivity.csproj", "{61C2A155-2641-4617-826E-82911531837A}"
EndProject
Project("{FAE04EC0-301F-11D3-BF4B-00C04F79EFBC}") = "WorkSpeed.Productivity.Tests", "Tests\WorkSpeed.Productivity.Tests\WorkSpeed.Productivity.Tests.csproj", "{0D67E59F-9F73-4FF9-A8AB-66C5E2295248}"
EndProject
Project("{2150E333-8FDC-42A3-9474-1A3956D46DE8}") = "Agbm", "Agbm", "{54D2341D-01ED-4B7D-9493-20E4AAD65301}"
EndProject
Project("{FAE04EC0-301F-11D3-BF4B-00C04F79EFBC}") = "Agbm.Helpers", "Agbm.Tools\Code\Agbm.Helpers\Agbm.Helpers.csproj", "{12FAA7BD-A5D4-48E3-80C4-6D7A72BE99B0}"
EndProject
Project("{FAE04EC0-301F-11D3-BF4B-00C04F79EFBC}") = "Agbm.NpoiExcel", "Agbm.Tools\Code\Agbm.NpoiExcel\Agbm.NpoiExcel.csproj", "{47680BF8-C76A-44B9-BDE3-694F1A73CCB1}"
EndProject
Project("{FAE04EC0-301F-11D3-BF4B-00C04F79EFBC}") = "Agbm.Helpers.Tests", "Agbm.Tools\Tests\Agbm.Helpers.Tests\Agbm.Helpers.Tests.csproj", "{8C7C647B-6A28-477E-8B1F-9FB555F55376}"
EndProject
Project("{FAE04EC0-301F-11D3-BF4B-00C04F79EFBC}") = "Agbm.NpoiExcel.Tests", "Agbm.Tools\Tests\Agbm.NpoiExcel.Tests\Agbm.NpoiExcel.Tests.csproj", "{0943E858-2173-4084-AFC8-C0524D8CB825}"
EndProject
Project("{2150E333-8FDC-42A3-9474-1A3956D46DE8}") = "Documents", "Documents", "{12EEFD5A-880A-4FBE-AFFE-F2102BF2617A}"
	ProjectSection(SolutionItems) = preProject
		Documents\Design\Precedent P1. Автоматизированный ввод данных для расчёта выработки.md = Documents\Design\Precedent P1. Автоматизированный ввод данных для расчёта выработки.md
		Documents\Design\Precedent P2. Формирование интерактивного отчёта о выработке за определённый период.md = Documents\Design\Precedent P2. Формирование интерактивного отчёта о выработке за определённый период.md
		Documents\Design\Precedent P3. Точная настройка алгоритма расчёта выработки.md = Documents\Design\Precedent P3. Точная настройка алгоритма расчёта выработки.md
		Documents\Design\Precedent P4. Управление рабочими сменами.md = Documents\Design\Precedent P4. Управление рабочими сменами.md
		Documents\Design\Precedent P5. Управление графиками перерывов.md = Documents\Design\Precedent P5. Управление графиками перерывов.md
		Documents\Design\Precedent P6. Экспорт результатов в табличном виде.md = Documents\Design\Precedent P6. Экспорт результатов в табличном виде.md
		Documents\Spec.md = Documents\Spec.md
		Documents\Design\Vision.md = Documents\Design\Vision.md
		Vocabulary.cs = Vocabulary.cs
	EndProjectSection
EndProject
Project("{FAE04EC0-301F-11D3-BF4B-00C04F79EFBC}") = "Agbm.Wpf.MvvmBaseLibrary", "Agbm.Wpf\Code\Agbm.Wpf.MvvmBaseLibrary\Agbm.Wpf.MvvmBaseLibrary.csproj", "{C92FF512-B9C0-4AAF-9A9B-D0DEE139AF44}"
EndProject
Project("{FAE04EC0-301F-11D3-BF4B-00C04F79EFBC}") = "Experiments.Threads", "Experiments\Experiments.Threads\Experiments.Threads.csproj", "{B8302D41-74EF-4A81-961D-5059F02E3CC6}"
EndProject
Project("{2150E333-8FDC-42A3-9474-1A3956D46DE8}") = "TestFiles", "TestFiles", "{7B22EEA9-0DCE-446E-9F77-D5C0EF354C20}"
	ProjectSection(SolutionItems) = preProject
		Tests\TestFiles\Gathering.TestFile.xlsx = Tests\TestFiles\Gathering.TestFile.xlsx
		Tests\TestFiles\test_products.xlsx = Tests\TestFiles\test_products.xlsx
	EndProjectSection
EndProject
Project("{FAE04EC0-301F-11D3-BF4B-00C04F79EFBC}") = "WorkSpeed.Business.Tests", "Tests\WorkSpeed.Business.Tests\WorkSpeed.Business.Tests.csproj", "{A16FD406-AE2B-44F0-BE87-B4C20AF112CE}"
EndProject
Project("{2150E333-8FDC-42A3-9474-1A3956D46DE8}") = "Code", "Code", "{E860DD2B-0D29-46FF-9E9E-DBEEB8E9A498}"
EndProject
Project("{2150E333-8FDC-42A3-9474-1A3956D46DE8}") = "Tests", "Tests", "{A0F7A5B1-DF93-42BA-8943-6B8ABB469668}"
EndProject
Global
	GlobalSection(SolutionConfigurationPlatforms) = preSolution
		Debug|Any CPU = Debug|Any CPU
		Release|Any CPU = Release|Any CPU
	EndGlobalSection
	GlobalSection(ProjectConfigurationPlatforms) = postSolution
		{A2F25877-07E4-41B8-8AE9-462E11EC8D0B}.Debug|Any CPU.ActiveCfg = Debug|Any CPU
		{A2F25877-07E4-41B8-8AE9-462E11EC8D0B}.Debug|Any CPU.Build.0 = Debug|Any CPU
		{A2F25877-07E4-41B8-8AE9-462E11EC8D0B}.Release|Any CPU.ActiveCfg = Release|Any CPU
		{A2F25877-07E4-41B8-8AE9-462E11EC8D0B}.Release|Any CPU.Build.0 = Release|Any CPU
		{9E5B2C32-445E-472F-B59B-D5EE9DE89528}.Debug|Any CPU.ActiveCfg = Debug|Any CPU
		{9E5B2C32-445E-472F-B59B-D5EE9DE89528}.Debug|Any CPU.Build.0 = Debug|Any CPU
		{9E5B2C32-445E-472F-B59B-D5EE9DE89528}.Release|Any CPU.ActiveCfg = Release|Any CPU
		{9E5B2C32-445E-472F-B59B-D5EE9DE89528}.Release|Any CPU.Build.0 = Release|Any CPU
		{8E561D88-56E8-419C-933B-FC1AEBB83432}.Debug|Any CPU.ActiveCfg = Debug|Any CPU
		{8E561D88-56E8-419C-933B-FC1AEBB83432}.Debug|Any CPU.Build.0 = Debug|Any CPU
		{8E561D88-56E8-419C-933B-FC1AEBB83432}.Release|Any CPU.ActiveCfg = Release|Any CPU
		{8E561D88-56E8-419C-933B-FC1AEBB83432}.Release|Any CPU.Build.0 = Release|Any CPU
		{72E065C5-8769-4008-9529-11194BE488E0}.Debug|Any CPU.ActiveCfg = Debug|Any CPU
		{72E065C5-8769-4008-9529-11194BE488E0}.Debug|Any CPU.Build.0 = Debug|Any CPU
		{72E065C5-8769-4008-9529-11194BE488E0}.Release|Any CPU.ActiveCfg = Release|Any CPU
		{72E065C5-8769-4008-9529-11194BE488E0}.Release|Any CPU.Build.0 = Release|Any CPU
		{4E4062AD-0661-4975-83DE-EA5D1B5C51AF}.Debug|Any CPU.ActiveCfg = Debug|Any CPU
		{4E4062AD-0661-4975-83DE-EA5D1B5C51AF}.Debug|Any CPU.Build.0 = Debug|Any CPU
		{4E4062AD-0661-4975-83DE-EA5D1B5C51AF}.Release|Any CPU.ActiveCfg = Release|Any CPU
		{4E4062AD-0661-4975-83DE-EA5D1B5C51AF}.Release|Any CPU.Build.0 = Release|Any CPU
		{5A035100-5055-4E93-A240-55A46ECE04BE}.Debug|Any CPU.ActiveCfg = Debug|Any CPU
		{5A035100-5055-4E93-A240-55A46ECE04BE}.Debug|Any CPU.Build.0 = Debug|Any CPU
		{5A035100-5055-4E93-A240-55A46ECE04BE}.Release|Any CPU.ActiveCfg = Release|Any CPU
		{5A035100-5055-4E93-A240-55A46ECE04BE}.Release|Any CPU.Build.0 = Release|Any CPU
		{035D995A-6F8A-47C1-AEBD-41B2CC5D6D7D}.Debug|Any CPU.ActiveCfg = Debug|Any CPU
		{035D995A-6F8A-47C1-AEBD-41B2CC5D6D7D}.Debug|Any CPU.Build.0 = Debug|Any CPU
		{035D995A-6F8A-47C1-AEBD-41B2CC5D6D7D}.Release|Any CPU.ActiveCfg = Release|Any CPU
		{035D995A-6F8A-47C1-AEBD-41B2CC5D6D7D}.Release|Any CPU.Build.0 = Release|Any CPU
		{3255DCE1-693B-4A92-B8F9-84A943FA4598}.Debug|Any CPU.ActiveCfg = Debug|Any CPU
		{3255DCE1-693B-4A92-B8F9-84A943FA4598}.Debug|Any CPU.Build.0 = Debug|Any CPU
		{3255DCE1-693B-4A92-B8F9-84A943FA4598}.Release|Any CPU.ActiveCfg = Release|Any CPU
		{3255DCE1-693B-4A92-B8F9-84A943FA4598}.Release|Any CPU.Build.0 = Release|Any CPU
		{61C2A155-2641-4617-826E-82911531837A}.Debug|Any CPU.ActiveCfg = Debug|Any CPU
		{61C2A155-2641-4617-826E-82911531837A}.Debug|Any CPU.Build.0 = Debug|Any CPU
		{61C2A155-2641-4617-826E-82911531837A}.Release|Any CPU.ActiveCfg = Release|Any CPU
		{61C2A155-2641-4617-826E-82911531837A}.Release|Any CPU.Build.0 = Release|Any CPU
		{0D67E59F-9F73-4FF9-A8AB-66C5E2295248}.Debug|Any CPU.ActiveCfg = Debug|Any CPU
		{0D67E59F-9F73-4FF9-A8AB-66C5E2295248}.Debug|Any CPU.Build.0 = Debug|Any CPU
		{0D67E59F-9F73-4FF9-A8AB-66C5E2295248}.Release|Any CPU.ActiveCfg = Release|Any CPU
		{0D67E59F-9F73-4FF9-A8AB-66C5E2295248}.Release|Any CPU.Build.0 = Release|Any CPU
		{12FAA7BD-A5D4-48E3-80C4-6D7A72BE99B0}.Debug|Any CPU.ActiveCfg = Debug|Any CPU
		{12FAA7BD-A5D4-48E3-80C4-6D7A72BE99B0}.Debug|Any CPU.Build.0 = Debug|Any CPU
		{12FAA7BD-A5D4-48E3-80C4-6D7A72BE99B0}.Release|Any CPU.ActiveCfg = Release|Any CPU
		{12FAA7BD-A5D4-48E3-80C4-6D7A72BE99B0}.Release|Any CPU.Build.0 = Release|Any CPU
		{47680BF8-C76A-44B9-BDE3-694F1A73CCB1}.Debug|Any CPU.ActiveCfg = Debug|Any CPU
		{47680BF8-C76A-44B9-BDE3-694F1A73CCB1}.Debug|Any CPU.Build.0 = Debug|Any CPU
		{47680BF8-C76A-44B9-BDE3-694F1A73CCB1}.Release|Any CPU.ActiveCfg = Release|Any CPU
		{47680BF8-C76A-44B9-BDE3-694F1A73CCB1}.Release|Any CPU.Build.0 = Release|Any CPU
		{8C7C647B-6A28-477E-8B1F-9FB555F55376}.Debug|Any CPU.ActiveCfg = Debug|Any CPU
		{8C7C647B-6A28-477E-8B1F-9FB555F55376}.Debug|Any CPU.Build.0 = Debug|Any CPU
		{8C7C647B-6A28-477E-8B1F-9FB555F55376}.Release|Any CPU.ActiveCfg = Release|Any CPU
		{8C7C647B-6A28-477E-8B1F-9FB555F55376}.Release|Any CPU.Build.0 = Release|Any CPU
		{0943E858-2173-4084-AFC8-C0524D8CB825}.Debug|Any CPU.ActiveCfg = Debug|Any CPU
		{0943E858-2173-4084-AFC8-C0524D8CB825}.Debug|Any CPU.Build.0 = Debug|Any CPU
		{0943E858-2173-4084-AFC8-C0524D8CB825}.Release|Any CPU.ActiveCfg = Release|Any CPU
		{0943E858-2173-4084-AFC8-C0524D8CB825}.Release|Any CPU.Build.0 = Release|Any CPU
		{C92FF512-B9C0-4AAF-9A9B-D0DEE139AF44}.Debug|Any CPU.ActiveCfg = Debug|Any CPU
		{C92FF512-B9C0-4AAF-9A9B-D0DEE139AF44}.Debug|Any CPU.Build.0 = Debug|Any CPU
		{C92FF512-B9C0-4AAF-9A9B-D0DEE139AF44}.Release|Any CPU.ActiveCfg = Release|Any CPU
		{C92FF512-B9C0-4AAF-9A9B-D0DEE139AF44}.Release|Any CPU.Build.0 = Release|Any CPU
		{B8302D41-74EF-4A81-961D-5059F02E3CC6}.Debug|Any CPU.ActiveCfg = Debug|Any CPU
		{B8302D41-74EF-4A81-961D-5059F02E3CC6}.Debug|Any CPU.Build.0 = Debug|Any CPU
		{B8302D41-74EF-4A81-961D-5059F02E3CC6}.Release|Any CPU.ActiveCfg = Release|Any CPU
		{B8302D41-74EF-4A81-961D-5059F02E3CC6}.Release|Any CPU.Build.0 = Release|Any CPU
		{A16FD406-AE2B-44F0-BE87-B4C20AF112CE}.Debug|Any CPU.ActiveCfg = Debug|Any CPU
		{A16FD406-AE2B-44F0-BE87-B4C20AF112CE}.Debug|Any CPU.Build.0 = Debug|Any CPU
		{A16FD406-AE2B-44F0-BE87-B4C20AF112CE}.Release|Any CPU.ActiveCfg = Release|Any CPU
		{A16FD406-AE2B-44F0-BE87-B4C20AF112CE}.Release|Any CPU.Build.0 = Release|Any CPU
	EndGlobalSection
	GlobalSection(SolutionProperties) = preSolution
		HideSolutionNode = FALSE
	EndGlobalSection
	GlobalSection(NestedProjects) = preSolution
		{A2F25877-07E4-41B8-8AE9-462E11EC8D0B} = {F1D4BFA4-0774-466A-B80A-3CF5497D6AED}
		{9E5B2C32-445E-472F-B59B-D5EE9DE89528} = {1ECA741B-6388-4A77-8B30-D1E113F4F26F}
		{8E561D88-56E8-419C-933B-FC1AEBB83432} = {02ADBBD2-843C-457E-B553-A71CFDBFEF80}
		{72E065C5-8769-4008-9529-11194BE488E0} = {F1D4BFA4-0774-466A-B80A-3CF5497D6AED}
		{4E4062AD-0661-4975-83DE-EA5D1B5C51AF} = {02ADBBD2-843C-457E-B553-A71CFDBFEF80}
		{5A035100-5055-4E93-A240-55A46ECE04BE} = {1ECA741B-6388-4A77-8B30-D1E113F4F26F}
		{035D995A-6F8A-47C1-AEBD-41B2CC5D6D7D} = {F1D4BFA4-0774-466A-B80A-3CF5497D6AED}
		{3255DCE1-693B-4A92-B8F9-84A943FA4598} = {1ECA741B-6388-4A77-8B30-D1E113F4F26F}
		{61C2A155-2641-4617-826E-82911531837A} = {F1D4BFA4-0774-466A-B80A-3CF5497D6AED}
		{0D67E59F-9F73-4FF9-A8AB-66C5E2295248} = {1ECA741B-6388-4A77-8B30-D1E113F4F26F}
		{12FAA7BD-A5D4-48E3-80C4-6D7A72BE99B0} = {E860DD2B-0D29-46FF-9E9E-DBEEB8E9A498}
		{47680BF8-C76A-44B9-BDE3-694F1A73CCB1} = {E860DD2B-0D29-46FF-9E9E-DBEEB8E9A498}
		{8C7C647B-6A28-477E-8B1F-9FB555F55376} = {A0F7A5B1-DF93-42BA-8943-6B8ABB469668}
		{0943E858-2173-4084-AFC8-C0524D8CB825} = {A0F7A5B1-DF93-42BA-8943-6B8ABB469668}
		{C92FF512-B9C0-4AAF-9A9B-D0DEE139AF44} = {E860DD2B-0D29-46FF-9E9E-DBEEB8E9A498}
		{B8302D41-74EF-4A81-961D-5059F02E3CC6} = {02ADBBD2-843C-457E-B553-A71CFDBFEF80}
		{7B22EEA9-0DCE-446E-9F77-D5C0EF354C20} = {1ECA741B-6388-4A77-8B30-D1E113F4F26F}
		{A16FD406-AE2B-44F0-BE87-B4C20AF112CE} = {1ECA741B-6388-4A77-8B30-D1E113F4F26F}
		{E860DD2B-0D29-46FF-9E9E-DBEEB8E9A498} = {54D2341D-01ED-4B7D-9493-20E4AAD65301}
		{A0F7A5B1-DF93-42BA-8943-6B8ABB469668} = {54D2341D-01ED-4B7D-9493-20E4AAD65301}
	EndGlobalSection
	GlobalSection(ExtensibilityGlobals) = postSolution
		SolutionGuid = {74CCEA37-7ECF-4A64-9DA7-75E503ED2A97}
	EndGlobalSection
EndGlobal
