
Microsoft Visual Studio Solution File, Format Version 12.00
# Visual Studio 15
VisualStudioVersion = 15.0.28010.2050
MinimumVisualStudioVersion = 10.0.40219.1
Project("{2150E333-8FDC-42A3-9474-1A3956D46DE8}") = "Code", "Code", "{F1D4BFA4-0774-466A-B80A-3CF5497D6AED}"
EndProject
Project("{2150E333-8FDC-42A3-9474-1A3956D46DE8}") = "Tests", "Tests", "{1ECA741B-6388-4A77-8B30-D1E113F4F26F}"
EndProject
Project("{FAE04EC0-301F-11D3-BF4B-00C04F79EFBC}") = "WorkSpeed.DesktopClient", "Code\WorkSpeed.DesktopClient\WorkSpeed.DesktopClient.csproj", "{A2F25877-07E4-41B8-8AE9-462E11EC8D0B}"
EndProject
Project("{FAE04EC0-301F-11D3-BF4B-00C04F79EFBC}") = "WorkSpeed.Data.Tests", "Tests\WorkSpeed.Data.Tests\WorkSpeed.Data.Tests.csproj", "{9E5B2C32-445E-472F-B59B-D5EE9DE89528}"
EndProject
Project("{2150E333-8FDC-42A3-9474-1A3956D46DE8}") = "Experimants", "Experimants", "{02ADBBD2-843C-457E-B553-A71CFDBFEF80}"
EndProject
Project("{FAE04EC0-301F-11D3-BF4B-00C04F79EFBC}") = "MainWindowPrototype", "Experiments\MainWindowPrototype\MainWindowPrototype.csproj", "{8E561D88-56E8-419C-933B-FC1AEBB83432}"
EndProject
Project("{FAE04EC0-301F-11D3-BF4B-00C04F79EFBC}") = "WorkSpeed.MvvmBaseLibrary", "Code\WorkSpeed.MvvmBaseLibrary\WorkSpeed.MvvmBaseLibrary.csproj", "{AA23EC1F-26A2-4962-8B57-8C4626C4CD9F}"
EndProject
Project("{FAE04EC0-301F-11D3-BF4B-00C04F79EFBC}") = "WorkSpeed.MvvmBaseLibrary.Tests", "Tests\WorkSpeed.MvvmBaseLibrary.Tests\WorkSpeed.MvvmBaseLibrary.Tests.csproj", "{D6415B06-60BA-4DFF-8914-D5EA5B6ACE80}"
EndProject
Project("{FAE04EC0-301F-11D3-BF4B-00C04F79EFBC}") = "WorkSpeed.Data", "Code\WorkSpeed.Data\WorkSpeed.Data.csproj", "{72E065C5-8769-4008-9529-11194BE488E0}"
EndProject
Project("{FAE04EC0-301F-11D3-BF4B-00C04F79EFBC}") = "Continuations", "Experiments\Continuations\Continuations.csproj", "{4E4062AD-0661-4975-83DE-EA5D1B5C51AF}"
EndProject
Project("{FAE04EC0-301F-11D3-BF4B-00C04F79EFBC}") = "WorkSpeed.Manager.Tests", "Tests\WorkSpeed.Manager.Tests\WorkSpeed.Manager.Tests.csproj", "{5A035100-5055-4E93-A240-55A46ECE04BE}"
EndProject
Project("{FAE04EC0-301F-11D3-BF4B-00C04F79EFBC}") = "WorkSpeed", "Code\WorkSpeed\WorkSpeed.csproj", "{035D995A-6F8A-47C1-AEBD-41B2CC5D6D7D}"
EndProject
Project("{FAE04EC0-301F-11D3-BF4B-00C04F79EFBC}") = "Helpers", "Code\Helpers\Helpers.csproj", "{12FAA7BD-A5D4-48E3-80C4-6D7A72BE99B0}"
EndProject
Project("{FAE04EC0-301F-11D3-BF4B-00C04F79EFBC}") = "NpoiExcel", "Code\NpoiExcel\NpoiExcel.csproj", "{47680BF8-C76A-44B9-BDE3-694F1A73CCB1}"
EndProject
Project("{FAE04EC0-301F-11D3-BF4B-00C04F79EFBC}") = "NpoiExcel.Tests", "Tests\NpoiExcel.Tests\NpoiExcel.Tests.csproj", "{0943E858-2173-4084-AFC8-C0524D8CB825}"
EndProject
Project("{FAE04EC0-301F-11D3-BF4B-00C04F79EFBC}") = "WorkSpeed.Tests", "Tests\WorkSpeed.Tests\WorkSpeed.Tests.csproj", "{3255DCE1-693B-4A92-B8F9-84A943FA4598}"
EndProject
Project("{FAE04EC0-301F-11D3-BF4B-00C04F79EFBC}") = "WorkSpeed.Productivity", "Code\WorkSpeed.Productivity\WorkSpeed.Productivity.csproj", "{61C2A155-2641-4617-826E-82911531837A}"
EndProject
Project("{FAE04EC0-301F-11D3-BF4B-00C04F79EFBC}") = "TimerBox", "Code\TimerBox\TimerBox.csproj", "{02562077-FD65-4B02-9F56-53A2C184552F}"
EndProject
Global
	GlobalSection(SolutionConfigurationPlatforms) = preSolution
		Debug|Any CPU = Debug|Any CPU
		Release|Any CPU = Release|Any CPU
	EndGlobalSection
	GlobalSection(ProjectConfigurationPlatforms) = postSolution
		{A2F25877-07E4-41B8-8AE9-462E11EC8D0B}.Debug|Any CPU.ActiveCfg = Debug|Any CPU
		{A2F25877-07E4-41B8-8AE9-462E11EC8D0B}.Debug|Any CPU.Build.0 = Debug|Any CPU
		{A2F25877-07E4-41B8-8AE9-462E11EC8D0B}.Release|Any CPU.ActiveCfg = Release|Any CPU
		{A2F25877-07E4-41B8-8AE9-462E11EC8D0B}.Release|Any CPU.Build.0 = Release|Any CPU
		{9E5B2C32-445E-472F-B59B-D5EE9DE89528}.Debug|Any CPU.ActiveCfg = Debug|Any CPU
		{9E5B2C32-445E-472F-B59B-D5EE9DE89528}.Debug|Any CPU.Build.0 = Debug|Any CPU
		{9E5B2C32-445E-472F-B59B-D5EE9DE89528}.Release|Any CPU.ActiveCfg = Release|Any CPU
		{9E5B2C32-445E-472F-B59B-D5EE9DE89528}.Release|Any CPU.Build.0 = Release|Any CPU
		{8E561D88-56E8-419C-933B-FC1AEBB83432}.Debug|Any CPU.ActiveCfg = Debug|Any CPU
		{8E561D88-56E8-419C-933B-FC1AEBB83432}.Debug|Any CPU.Build.0 = Debug|Any CPU
		{8E561D88-56E8-419C-933B-FC1AEBB83432}.Release|Any CPU.ActiveCfg = Release|Any CPU
		{8E561D88-56E8-419C-933B-FC1AEBB83432}.Release|Any CPU.Build.0 = Release|Any CPU
		{AA23EC1F-26A2-4962-8B57-8C4626C4CD9F}.Debug|Any CPU.ActiveCfg = Debug|Any CPU
		{AA23EC1F-26A2-4962-8B57-8C4626C4CD9F}.Debug|Any CPU.Build.0 = Debug|Any CPU
		{AA23EC1F-26A2-4962-8B57-8C4626C4CD9F}.Release|Any CPU.ActiveCfg = Release|Any CPU
		{AA23EC1F-26A2-4962-8B57-8C4626C4CD9F}.Release|Any CPU.Build.0 = Release|Any CPU
		{D6415B06-60BA-4DFF-8914-D5EA5B6ACE80}.Debug|Any CPU.ActiveCfg = Debug|Any CPU
		{D6415B06-60BA-4DFF-8914-D5EA5B6ACE80}.Debug|Any CPU.Build.0 = Debug|Any CPU
		{D6415B06-60BA-4DFF-8914-D5EA5B6ACE80}.Release|Any CPU.ActiveCfg = Release|Any CPU
		{D6415B06-60BA-4DFF-8914-D5EA5B6ACE80}.Release|Any CPU.Build.0 = Release|Any CPU
		{72E065C5-8769-4008-9529-11194BE488E0}.Debug|Any CPU.ActiveCfg = Debug|Any CPU
		{72E065C5-8769-4008-9529-11194BE488E0}.Debug|Any CPU.Build.0 = Debug|Any CPU
		{72E065C5-8769-4008-9529-11194BE488E0}.Release|Any CPU.ActiveCfg = Release|Any CPU
		{72E065C5-8769-4008-9529-11194BE488E0}.Release|Any CPU.Build.0 = Release|Any CPU
		{4E4062AD-0661-4975-83DE-EA5D1B5C51AF}.Debug|Any CPU.ActiveCfg = Debug|Any CPU
		{4E4062AD-0661-4975-83DE-EA5D1B5C51AF}.Debug|Any CPU.Build.0 = Debug|Any CPU
		{4E4062AD-0661-4975-83DE-EA5D1B5C51AF}.Release|Any CPU.ActiveCfg = Release|Any CPU
		{4E4062AD-0661-4975-83DE-EA5D1B5C51AF}.Release|Any CPU.Build.0 = Release|Any CPU
		{5A035100-5055-4E93-A240-55A46ECE04BE}.Debug|Any CPU.ActiveCfg = Debug|Any CPU
		{5A035100-5055-4E93-A240-55A46ECE04BE}.Debug|Any CPU.Build.0 = Debug|Any CPU
		{5A035100-5055-4E93-A240-55A46ECE04BE}.Release|Any CPU.ActiveCfg = Release|Any CPU
		{5A035100-5055-4E93-A240-55A46ECE04BE}.Release|Any CPU.Build.0 = Release|Any CPU
		{035D995A-6F8A-47C1-AEBD-41B2CC5D6D7D}.Debug|Any CPU.ActiveCfg = Debug|Any CPU
		{035D995A-6F8A-47C1-AEBD-41B2CC5D6D7D}.Debug|Any CPU.Build.0 = Debug|Any CPU
		{035D995A-6F8A-47C1-AEBD-41B2CC5D6D7D}.Release|Any CPU.ActiveCfg = Release|Any CPU
		{035D995A-6F8A-47C1-AEBD-41B2CC5D6D7D}.Release|Any CPU.Build.0 = Release|Any CPU
		{12FAA7BD-A5D4-48E3-80C4-6D7A72BE99B0}.Debug|Any CPU.ActiveCfg = Debug|Any CPU
		{12FAA7BD-A5D4-48E3-80C4-6D7A72BE99B0}.Debug|Any CPU.Build.0 = Debug|Any CPU
		{12FAA7BD-A5D4-48E3-80C4-6D7A72BE99B0}.Release|Any CPU.ActiveCfg = Release|Any CPU
		{12FAA7BD-A5D4-48E3-80C4-6D7A72BE99B0}.Release|Any CPU.Build.0 = Release|Any CPU
		{47680BF8-C76A-44B9-BDE3-694F1A73CCB1}.Debug|Any CPU.ActiveCfg = Debug|Any CPU
		{47680BF8-C76A-44B9-BDE3-694F1A73CCB1}.Debug|Any CPU.Build.0 = Debug|Any CPU
		{47680BF8-C76A-44B9-BDE3-694F1A73CCB1}.Release|Any CPU.ActiveCfg = Release|Any CPU
		{47680BF8-C76A-44B9-BDE3-694F1A73CCB1}.Release|Any CPU.Build.0 = Release|Any CPU
		{0943E858-2173-4084-AFC8-C0524D8CB825}.Debug|Any CPU.ActiveCfg = Debug|Any CPU
		{0943E858-2173-4084-AFC8-C0524D8CB825}.Debug|Any CPU.Build.0 = Debug|Any CPU
		{0943E858-2173-4084-AFC8-C0524D8CB825}.Release|Any CPU.ActiveCfg = Release|Any CPU
		{0943E858-2173-4084-AFC8-C0524D8CB825}.Release|Any CPU.Build.0 = Release|Any CPU
		{3255DCE1-693B-4A92-B8F9-84A943FA4598}.Debug|Any CPU.ActiveCfg = Debug|Any CPU
		{3255DCE1-693B-4A92-B8F9-84A943FA4598}.Debug|Any CPU.Build.0 = Debug|Any CPU
		{3255DCE1-693B-4A92-B8F9-84A943FA4598}.Release|Any CPU.ActiveCfg = Release|Any CPU
		{3255DCE1-693B-4A92-B8F9-84A943FA4598}.Release|Any CPU.Build.0 = Release|Any CPU
		{61C2A155-2641-4617-826E-82911531837A}.Debug|Any CPU.ActiveCfg = Debug|Any CPU
		{61C2A155-2641-4617-826E-82911531837A}.Debug|Any CPU.Build.0 = Debug|Any CPU
		{61C2A155-2641-4617-826E-82911531837A}.Release|Any CPU.ActiveCfg = Release|Any CPU
		{61C2A155-2641-4617-826E-82911531837A}.Release|Any CPU.Build.0 = Release|Any CPU
		{02562077-FD65-4B02-9F56-53A2C184552F}.Debug|Any CPU.ActiveCfg = Debug|Any CPU
		{02562077-FD65-4B02-9F56-53A2C184552F}.Debug|Any CPU.Build.0 = Debug|Any CPU
		{02562077-FD65-4B02-9F56-53A2C184552F}.Release|Any CPU.ActiveCfg = Release|Any CPU
		{02562077-FD65-4B02-9F56-53A2C184552F}.Release|Any CPU.Build.0 = Release|Any CPU
	EndGlobalSection
	GlobalSection(SolutionProperties) = preSolution
		HideSolutionNode = FALSE
	EndGlobalSection
	GlobalSection(NestedProjects) = preSolution
		{A2F25877-07E4-41B8-8AE9-462E11EC8D0B} = {F1D4BFA4-0774-466A-B80A-3CF5497D6AED}
		{9E5B2C32-445E-472F-B59B-D5EE9DE89528} = {1ECA741B-6388-4A77-8B30-D1E113F4F26F}
		{8E561D88-56E8-419C-933B-FC1AEBB83432} = {02ADBBD2-843C-457E-B553-A71CFDBFEF80}
		{AA23EC1F-26A2-4962-8B57-8C4626C4CD9F} = {F1D4BFA4-0774-466A-B80A-3CF5497D6AED}
		{D6415B06-60BA-4DFF-8914-D5EA5B6ACE80} = {1ECA741B-6388-4A77-8B30-D1E113F4F26F}
		{72E065C5-8769-4008-9529-11194BE488E0} = {F1D4BFA4-0774-466A-B80A-3CF5497D6AED}
		{4E4062AD-0661-4975-83DE-EA5D1B5C51AF} = {02ADBBD2-843C-457E-B553-A71CFDBFEF80}
		{5A035100-5055-4E93-A240-55A46ECE04BE} = {1ECA741B-6388-4A77-8B30-D1E113F4F26F}
		{035D995A-6F8A-47C1-AEBD-41B2CC5D6D7D} = {F1D4BFA4-0774-466A-B80A-3CF5497D6AED}
		{12FAA7BD-A5D4-48E3-80C4-6D7A72BE99B0} = {F1D4BFA4-0774-466A-B80A-3CF5497D6AED}
		{47680BF8-C76A-44B9-BDE3-694F1A73CCB1} = {F1D4BFA4-0774-466A-B80A-3CF5497D6AED}
		{0943E858-2173-4084-AFC8-C0524D8CB825} = {1ECA741B-6388-4A77-8B30-D1E113F4F26F}
		{3255DCE1-693B-4A92-B8F9-84A943FA4598} = {1ECA741B-6388-4A77-8B30-D1E113F4F26F}
		{61C2A155-2641-4617-826E-82911531837A} = {F1D4BFA4-0774-466A-B80A-3CF5497D6AED}
		{02562077-FD65-4B02-9F56-53A2C184552F} = {F1D4BFA4-0774-466A-B80A-3CF5497D6AED}
	EndGlobalSection
	GlobalSection(ExtensibilityGlobals) = postSolution
		SolutionGuid = {74CCEA37-7ECF-4A64-9DA7-75E503ED2A97}
	EndGlobalSection
EndGlobal
